<Solution>
  <Folder Name="/src/">
    <Project Path="Domain\Domain.csproj" />
    <Project Path="Application\Application.csproj" />
    <Project Path="Infrastructure\Infrastructure.csproj" />
    <Project Path="Api\RestApi.csproj" />
    <Project Path="Api.Tests\RestApi.Test.csproj" />
  </Folder>
</Solution>